
Microsoft Visual Studio Solution File, Format Version 12.00
# Visual Studio 15
VisualStudioVersion = 15.0.26430.14
MinimumVisualStudioVersion = 10.0.40219.1
Project("{FAE04EC0-301F-11D3-BF4B-00C04F79EFBC}") = "FormForCalendar", "BLForCalendar\FormForCalendar.csproj", "{4DD31F6D-10A1-4D3F-8FBE-38D973410709}"
EndProject
Project("{FAE04EC0-301F-11D3-BF4B-00C04F79EFBC}") = "BLCalendar", "..\BLCalendar\BLCalendar.csproj", "{BC07AEDD-1B73-4881-8910-848DC09FC2F9}"
EndProject
Global
	GlobalSection(SolutionConfigurationPlatforms) = preSolution
		Debug|Any CPU = Debug|Any CPU
		Release|Any CPU = Release|Any CPU
	EndGlobalSection
	GlobalSection(ProjectConfigurationPlatforms) = postSolution
		{4DD31F6D-10A1-4D3F-8FBE-38D973410709}.Debug|Any CPU.ActiveCfg = Debug|Any CPU
		{4DD31F6D-10A1-4D3F-8FBE-38D973410709}.Debug|Any CPU.Build.0 = Debug|Any CPU
		{4DD31F6D-10A1-4D3F-8FBE-38D973410709}.Release|Any CPU.ActiveCfg = Release|Any CPU
		{4DD31F6D-10A1-4D3F-8FBE-38D973410709}.Release|Any CPU.Build.0 = Release|Any CPU
		{BC07AEDD-1B73-4881-8910-848DC09FC2F9}.Debug|Any CPU.ActiveCfg = Debug|Any CPU
		{BC07AEDD-1B73-4881-8910-848DC09FC2F9}.Debug|Any CPU.Build.0 = Debug|Any CPU
		{BC07AEDD-1B73-4881-8910-848DC09FC2F9}.Release|Any CPU.ActiveCfg = Release|Any CPU
		{BC07AEDD-1B73-4881-8910-848DC09FC2F9}.Release|Any CPU.Build.0 = Release|Any CPU
	EndGlobalSection
	GlobalSection(SolutionProperties) = preSolution
		HideSolutionNode = FALSE
	EndGlobalSection
EndGlobal
